
Microsoft Visual Studio Solution File, Format Version 12.00
# Visual Studio Version 16
VisualStudioVersion = 16.0.29409.12
MinimumVisualStudioVersion = 10.0.40219.1
Project("{FAE04EC0-301F-11D3-BF4B-00C04F79EFBC}") = "Prob1", "Prob1\Prob1.csproj", "{53816813-8EA9-4F96-8DFD-A8BA7285C4E8}"
EndProject
Project("{FAE04EC0-301F-11D3-BF4B-00C04F79EFBC}") = "Prob2", "Prob2\Prob2.csproj", "{3F1D5715-2041-4692-A80A-6E287B1F306D}"
EndProject
Project("{FAE04EC0-301F-11D3-BF4B-00C04F79EFBC}") = "Prob4", "Prob4\Prob4.csproj", "{4EBC8D7E-5F62-4420-8DBB-5E191F8FA679}"
EndProject
Global
	GlobalSection(SolutionConfigurationPlatforms) = preSolution
		Debug|Any CPU = Debug|Any CPU
		Release|Any CPU = Release|Any CPU
	EndGlobalSection
	GlobalSection(ProjectConfigurationPlatforms) = postSolution
		{53816813-8EA9-4F96-8DFD-A8BA7285C4E8}.Debug|Any CPU.ActiveCfg = Debug|Any CPU
		{53816813-8EA9-4F96-8DFD-A8BA7285C4E8}.Debug|Any CPU.Build.0 = Debug|Any CPU
		{53816813-8EA9-4F96-8DFD-A8BA7285C4E8}.Release|Any CPU.ActiveCfg = Release|Any CPU
		{53816813-8EA9-4F96-8DFD-A8BA7285C4E8}.Release|Any CPU.Build.0 = Release|Any CPU
		{3F1D5715-2041-4692-A80A-6E287B1F306D}.Debug|Any CPU.ActiveCfg = Debug|Any CPU
		{3F1D5715-2041-4692-A80A-6E287B1F306D}.Debug|Any CPU.Build.0 = Debug|Any CPU
		{3F1D5715-2041-4692-A80A-6E287B1F306D}.Release|Any CPU.ActiveCfg = Release|Any CPU
		{3F1D5715-2041-4692-A80A-6E287B1F306D}.Release|Any CPU.Build.0 = Release|Any CPU
		{4EBC8D7E-5F62-4420-8DBB-5E191F8FA679}.Debug|Any CPU.ActiveCfg = Debug|Any CPU
		{4EBC8D7E-5F62-4420-8DBB-5E191F8FA679}.Debug|Any CPU.Build.0 = Debug|Any CPU
		{4EBC8D7E-5F62-4420-8DBB-5E191F8FA679}.Release|Any CPU.ActiveCfg = Release|Any CPU
		{4EBC8D7E-5F62-4420-8DBB-5E191F8FA679}.Release|Any CPU.Build.0 = Release|Any CPU
	EndGlobalSection
	GlobalSection(SolutionProperties) = preSolution
		HideSolutionNode = FALSE
	EndGlobalSection
	GlobalSection(ExtensibilityGlobals) = postSolution
		SolutionGuid = {44BFE5F1-7027-49BF-AEAA-F9735803E62E}
	EndGlobalSection
EndGlobal
